// !$*UTF8*$!
{
	archiveVersion = 1;
	classes = {
	};
	objectVersion = 55;
	objects = {

/* Begin PBXBuildFile section */
		7E29F34128BE413B00277DE9 /* CloudClassification.mlmodel in Sources */ = {isa = PBXBuildFile; fileRef = 7E29F34028BE413B00277DE9 /* CloudClassification.mlmodel */; };
		7E29F34328BE43A700277DE9 /* Classifier.swift in Sources */ = {isa = PBXBuildFile; fileRef = 7E29F34228BE43A700277DE9 /* Classifier.swift */; };
		7E29F34528BE440900277DE9 /* ImageClassifier.swift in Sources */ = {isa = PBXBuildFile; fileRef = 7E29F34428BE440900277DE9 /* ImageClassifier.swift */; };
		7E29F34728BE447100277DE9 /* ImagePicker.swift in Sources */ = {isa = PBXBuildFile; fileRef = 7E29F34628BE447100277DE9 /* ImagePicker.swift */; };
		7E29F34928BF40CB00277DE9 /* CloudClassification4.mlmodel in Sources */ = {isa = PBXBuildFile; fileRef = 7E29F34828BF40CB00277DE9 /* CloudClassification4.mlmodel */; };
		7EA747AC28B4B16600C75D82 /* CloudAppreciationApp.swift in Sources */ = {isa = PBXBuildFile; fileRef = 7EA747AB28B4B16600C75D82 /* CloudAppreciationApp.swift */; };
		7EA747AE28B4B16600C75D82 /* ContentView.swift in Sources */ = {isa = PBXBuildFile; fileRef = 7EA747AD28B4B16600C75D82 /* ContentView.swift */; };
		7EA747B028B4B16900C75D82 /* Assets.xcassets in Resources */ = {isa = PBXBuildFile; fileRef = 7EA747AF28B4B16900C75D82 /* Assets.xcassets */; };
		7EA747B328B4B16900C75D82 /* Preview Assets.xcassets in Resources */ = {isa = PBXBuildFile; fileRef = 7EA747B228B4B16900C75D82 /* Preview Assets.xcassets */; };
		7EA747BD28B4B16900C75D82 /* CloudAppreciationTests.swift in Sources */ = {isa = PBXBuildFile; fileRef = 7EA747BC28B4B16900C75D82 /* CloudAppreciationTests.swift */; };
		7EA747C728B4B16900C75D82 /* CloudAppreciationUITests.swift in Sources */ = {isa = PBXBuildFile; fileRef = 7EA747C628B4B16900C75D82 /* CloudAppreciationUITests.swift */; };
		7EA747C928B4B16900C75D82 /* CloudAppreciationUITestsLaunchTests.swift in Sources */ = {isa = PBXBuildFile; fileRef = 7EA747C828B4B16900C75D82 /* CloudAppreciationUITestsLaunchTests.swift */; };
/* End PBXBuildFile section */

/* Begin PBXContainerItemProxy section */
		7EA747B928B4B16900C75D82 /* PBXContainerItemProxy */ = {
			isa = PBXContainerItemProxy;
			containerPortal = 7EA747A028B4B16600C75D82 /* Project object */;
			proxyType = 1;
			remoteGlobalIDString = 7EA747A728B4B16600C75D82;
			remoteInfo = CloudAppreciation;
		};
		7EA747C328B4B16900C75D82 /* PBXContainerItemProxy */ = {
			isa = PBXContainerItemProxy;
			containerPortal = 7EA747A028B4B16600C75D82 /* Project object */;
			proxyType = 1;
			remoteGlobalIDString = 7EA747A728B4B16600C75D82;
			remoteInfo = CloudAppreciation;
		};
/* End PBXContainerItemProxy section */

/* Begin PBXFileReference section */
		7E29F34028BE413B00277DE9 /* CloudClassification.mlmodel */ = {isa = PBXFileReference; lastKnownFileType = file.mlmodel; path = CloudClassification.mlmodel; sourceTree = SOURCE_ROOT; };
		7E29F34228BE43A700277DE9 /* Classifier.swift */ = {isa = PBXFileReference; lastKnownFileType = sourcecode.swift; path = Classifier.swift; sourceTree = "<group>"; };
		7E29F34428BE440900277DE9 /* ImageClassifier.swift */ = {isa = PBXFileReference; lastKnownFileType = sourcecode.swift; path = ImageClassifier.swift; sourceTree = "<group>"; };
		7E29F34628BE447100277DE9 /* ImagePicker.swift */ = {isa = PBXFileReference; lastKnownFileType = sourcecode.swift; path = ImagePicker.swift; sourceTree = "<group>"; };
		7E29F34828BF40CB00277DE9 /* CloudClassification4.mlmodel */ = {isa = PBXFileReference; lastKnownFileType = file.mlmodel; path = CloudClassification4.mlmodel; sourceTree = SOURCE_ROOT; };
		7EA747A828B4B16600C75D82 /* CloudAppreciation.app */ = {isa = PBXFileReference; explicitFileType = wrapper.application; includeInIndex = 0; path = CloudAppreciation.app; sourceTree = BUILT_PRODUCTS_DIR; };
		7EA747AB28B4B16600C75D82 /* CloudAppreciationApp.swift */ = {isa = PBXFileReference; lastKnownFileType = sourcecode.swift; path = CloudAppreciationApp.swift; sourceTree = "<group>"; };
		7EA747AD28B4B16600C75D82 /* ContentView.swift */ = {isa = PBXFileReference; lastKnownFileType = sourcecode.swift; path = ContentView.swift; sourceTree = "<group>"; };
		7EA747AF28B4B16900C75D82 /* Assets.xcassets */ = {isa = PBXFileReference; lastKnownFileType = folder.assetcatalog; path = Assets.xcassets; sourceTree = "<group>"; };
		7EA747B228B4B16900C75D82 /* Preview Assets.xcassets */ = {isa = PBXFileReference; lastKnownFileType = folder.assetcatalog; path = "Preview Assets.xcassets"; sourceTree = "<group>"; };
		7EA747B828B4B16900C75D82 /* CloudAppreciationTests.xctest */ = {isa = PBXFileReference; explicitFileType = wrapper.cfbundle; includeInIndex = 0; path = CloudAppreciationTests.xctest; sourceTree = BUILT_PRODUCTS_DIR; };
		7EA747BC28B4B16900C75D82 /* CloudAppreciationTests.swift */ = {isa = PBXFileReference; lastKnownFileType = sourcecode.swift; path = CloudAppreciationTests.swift; sourceTree = "<group>"; };
		7EA747C228B4B16900C75D82 /* CloudAppreciationUITests.xctest */ = {isa = PBXFileReference; explicitFileType = wrapper.cfbundle; includeInIndex = 0; path = CloudAppreciationUITests.xctest; sourceTree = BUILT_PRODUCTS_DIR; };
		7EA747C628B4B16900C75D82 /* CloudAppreciationUITests.swift */ = {isa = PBXFileReference; lastKnownFileType = sourcecode.swift; path = CloudAppreciationUITests.swift; sourceTree = "<group>"; };
		7EA747C828B4B16900C75D82 /* CloudAppreciationUITestsLaunchTests.swift */ = {isa = PBXFileReference; lastKnownFileType = sourcecode.swift; path = CloudAppreciationUITestsLaunchTests.swift; sourceTree = "<group>"; };
/* End PBXFileReference section */

/* Begin PBXFrameworksBuildPhase section */
		7EA747A528B4B16600C75D82 /* Frameworks */ = {
			isa = PBXFrameworksBuildPhase;
			buildActionMask = 2147483647;
			files = (
			);
			runOnlyForDeploymentPostprocessing = 0;
		};
		7EA747B528B4B16900C75D82 /* Frameworks */ = {
			isa = PBXFrameworksBuildPhase;
			buildActionMask = 2147483647;
			files = (
			);
			runOnlyForDeploymentPostprocessing = 0;
		};
		7EA747BF28B4B16900C75D82 /* Frameworks */ = {
			isa = PBXFrameworksBuildPhase;
			buildActionMask = 2147483647;
			files = (
			);
			runOnlyForDeploymentPostprocessing = 0;
		};
/* End PBXFrameworksBuildPhase section */

/* Begin PBXGroup section */
		7EA7479F28B4B16600C75D82 = {
			isa = PBXGroup;
			children = (
				7EA747AA28B4B16600C75D82 /* CloudAppreciation */,
				7EA747BB28B4B16900C75D82 /* CloudAppreciationTests */,
				7EA747C528B4B16900C75D82 /* CloudAppreciationUITests */,
				7EA747A928B4B16600C75D82 /* Products */,
			);
			sourceTree = "<group>";
		};
		7EA747A928B4B16600C75D82 /* Products */ = {
			isa = PBXGroup;
			children = (
				7EA747A828B4B16600C75D82 /* CloudAppreciation.app */,
				7EA747B828B4B16900C75D82 /* CloudAppreciationTests.xctest */,
				7EA747C228B4B16900C75D82 /* CloudAppreciationUITests.xctest */,
			);
			name = Products;
			sourceTree = "<group>";
		};
		7EA747AA28B4B16600C75D82 /* CloudAppreciation */ = {
			isa = PBXGroup;
			children = (
				7EA747AB28B4B16600C75D82 /* CloudAppreciationApp.swift */,
				7E29F34228BE43A700277DE9 /* Classifier.swift */,
				7EA747AD28B4B16600C75D82 /* ContentView.swift */,
				7E29F34428BE440900277DE9 /* ImageClassifier.swift */,
				7E29F34628BE447100277DE9 /* ImagePicker.swift */,
				7E29F34828BF40CB00277DE9 /* CloudClassification4.mlmodel */,
				7E29F34028BE413B00277DE9 /* CloudClassification.mlmodel */,
				7EA747AF28B4B16900C75D82 /* Assets.xcassets */,
				7EA747B128B4B16900C75D82 /* Preview Content */,
			);
			path = CloudAppreciation;
			sourceTree = "<group>";
		};
		7EA747B128B4B16900C75D82 /* Preview Content */ = {
			isa = PBXGroup;
			children = (
				7EA747B228B4B16900C75D82 /* Preview Assets.xcassets */,
			);
			path = "Preview Content";
			sourceTree = "<group>";
		};
		7EA747BB28B4B16900C75D82 /* CloudAppreciationTests */ = {
			isa = PBXGroup;
			children = (
				7EA747BC28B4B16900C75D82 /* CloudAppreciationTests.swift */,
			);
			path = CloudAppreciationTests;
			sourceTree = "<group>";
		};
		7EA747C528B4B16900C75D82 /* CloudAppreciationUITests */ = {
			isa = PBXGroup;
			children = (
				7EA747C628B4B16900C75D82 /* CloudAppreciationUITests.swift */,
				7EA747C828B4B16900C75D82 /* CloudAppreciationUITestsLaunchTests.swift */,
			);
			path = CloudAppreciationUITests;
			sourceTree = "<group>";
		};
/* End PBXGroup section */

/* Begin PBXNativeTarget section */
		7EA747A728B4B16600C75D82 /* CloudAppreciation */ = {
			isa = PBXNativeTarget;
			buildConfigurationList = 7EA747CC28B4B16900C75D82 /* Build configuration list for PBXNativeTarget "CloudAppreciation" */;
			buildPhases = (
				7EA747A428B4B16600C75D82 /* Sources */,
				7EA747A528B4B16600C75D82 /* Frameworks */,
				7EA747A628B4B16600C75D82 /* Resources */,
			);
			buildRules = (
			);
			dependencies = (
			);
			name = CloudAppreciation;
			productName = CloudAppreciation;
			productReference = 7EA747A828B4B16600C75D82 /* CloudAppreciation.app */;
			productType = "com.apple.product-type.application";
		};
		7EA747B728B4B16900C75D82 /* CloudAppreciationTests */ = {
			isa = PBXNativeTarget;
			buildConfigurationList = 7EA747CF28B4B16900C75D82 /* Build configuration list for PBXNativeTarget "CloudAppreciationTests" */;
			buildPhases = (
				7EA747B428B4B16900C75D82 /* Sources */,
				7EA747B528B4B16900C75D82 /* Frameworks */,
				7EA747B628B4B16900C75D82 /* Resources */,
			);
			buildRules = (
			);
			dependencies = (
				7EA747BA28B4B16900C75D82 /* PBXTargetDependency */,
			);
			name = CloudAppreciationTests;
			productName = CloudAppreciationTests;
			productReference = 7EA747B828B4B16900C75D82 /* CloudAppreciationTests.xctest */;
			productType = "com.apple.product-type.bundle.unit-test";
		};
		7EA747C128B4B16900C75D82 /* CloudAppreciationUITests */ = {
			isa = PBXNativeTarget;
			buildConfigurationList = 7EA747D228B4B16900C75D82 /* Build configuration list for PBXNativeTarget "CloudAppreciationUITests" */;
			buildPhases = (
				7EA747BE28B4B16900C75D82 /* Sources */,
				7EA747BF28B4B16900C75D82 /* Frameworks */,
				7EA747C028B4B16900C75D82 /* Resources */,
			);
			buildRules = (
			);
			dependencies = (
				7EA747C428B4B16900C75D82 /* PBXTargetDependency */,
			);
			name = CloudAppreciationUITests;
			productName = CloudAppreciationUITests;
			productReference = 7EA747C228B4B16900C75D82 /* CloudAppreciationUITests.xctest */;
			productType = "com.apple.product-type.bundle.ui-testing";
		};
/* End PBXNativeTarget section */

/* Begin PBXProject section */
		7EA747A028B4B16600C75D82 /* Project object */ = {
			isa = PBXProject;
			attributes = {
				BuildIndependentTargetsInParallel = 1;
				LastSwiftUpdateCheck = 1340;
				LastUpgradeCheck = 1340;
				TargetAttributes = {
					7EA747A728B4B16600C75D82 = {
						CreatedOnToolsVersion = 13.4.1;
					};
					7EA747B728B4B16900C75D82 = {
						CreatedOnToolsVersion = 13.4.1;
						TestTargetID = 7EA747A728B4B16600C75D82;
					};
					7EA747C128B4B16900C75D82 = {
						CreatedOnToolsVersion = 13.4.1;
						TestTargetID = 7EA747A728B4B16600C75D82;
					};
				};
			};
			buildConfigurationList = 7EA747A328B4B16600C75D82 /* Build configuration list for PBXProject "CloudAppreciation" */;
			compatibilityVersion = "Xcode 13.0";
			developmentRegion = en;
			hasScannedForEncodings = 0;
			knownRegions = (
				en,
				Base,
			);
			mainGroup = 7EA7479F28B4B16600C75D82;
			productRefGroup = 7EA747A928B4B16600C75D82 /* Products */;
			projectDirPath = "";
			projectRoot = "";
			targets = (
				7EA747A728B4B16600C75D82 /* CloudAppreciation */,
				7EA747B728B4B16900C75D82 /* CloudAppreciationTests */,
				7EA747C128B4B16900C75D82 /* CloudAppreciationUITests */,
			);
		};
/* End PBXProject section */

/* Begin PBXResourcesBuildPhase section */
		7EA747A628B4B16600C75D82 /* Resources */ = {
			isa = PBXResourcesBuildPhase;
			buildActionMask = 2147483647;
			files = (
				7EA747B328B4B16900C75D82 /* Preview Assets.xcassets in Resources */,
				7EA747B028B4B16900C75D82 /* Assets.xcassets in Resources */,
			);
			runOnlyForDeploymentPostprocessing = 0;
		};
		7EA747B628B4B16900C75D82 /* Resources */ = {
			isa = PBXResourcesBuildPhase;
			buildActionMask = 2147483647;
			files = (
			);
			runOnlyForDeploymentPostprocessing = 0;
		};
		7EA747C028B4B16900C75D82 /* Resources */ = {
			isa = PBXResourcesBuildPhase;
			buildActionMask = 2147483647;
			files = (
			);
			runOnlyForDeploymentPostprocessing = 0;
		};
/* End PBXResourcesBuildPhase section */

/* Begin PBXSourcesBuildPhase section */
		7EA747A428B4B16600C75D82 /* Sources */ = {
			isa = PBXSourcesBuildPhase;
			buildActionMask = 2147483647;
			files = (
				7E29F34328BE43A700277DE9 /* Classifier.swift in Sources */,
				7E29F34128BE413B00277DE9 /* CloudClassification.mlmodel in Sources */,
				7E29F34528BE440900277DE9 /* ImageClassifier.swift in Sources */,
				7E29F34728BE447100277DE9 /* ImagePicker.swift in Sources */,
				7EA747AE28B4B16600C75D82 /* ContentView.swift in Sources */,
				7EA747AC28B4B16600C75D82 /* CloudAppreciationApp.swift in Sources */,
				7E29F34928BF40CB00277DE9 /* CloudClassification4.mlmodel in Sources */,
			);
			runOnlyForDeploymentPostprocessing = 0;
		};
		7EA747B428B4B16900C75D82 /* Sources */ = {
			isa = PBXSourcesBuildPhase;
			buildActionMask = 2147483647;
			files = (
				7EA747BD28B4B16900C75D82 /* CloudAppreciationTests.swift in Sources */,
			);
			runOnlyForDeploymentPostprocessing = 0;
		};
		7EA747BE28B4B16900C75D82 /* Sources */ = {
			isa = PBXSourcesBuildPhase;
			buildActionMask = 2147483647;
			files = (
				7EA747C728B4B16900C75D82 /* CloudAppreciationUITests.swift in Sources */,
				7EA747C928B4B16900C75D82 /* CloudAppreciationUITestsLaunchTests.swift in Sources */,
			);
			runOnlyForDeploymentPostprocessing = 0;
		};
/* End PBXSourcesBuildPhase section */

/* Begin PBXTargetDependency section */
		7EA747BA28B4B16900C75D82 /* PBXTargetDependency */ = {
			isa = PBXTargetDependency;
			target = 7EA747A728B4B16600C75D82 /* CloudAppreciation */;
			targetProxy = 7EA747B928B4B16900C75D82 /* PBXContainerItemProxy */;
		};
		7EA747C428B4B16900C75D82 /* PBXTargetDependency */ = {
			isa = PBXTargetDependency;
			target = 7EA747A728B4B16600C75D82 /* CloudAppreciation */;
			targetProxy = 7EA747C328B4B16900C75D82 /* PBXContainerItemProxy */;
		};
/* End PBXTargetDependency section */

/* Begin XCBuildConfiguration section */
		7EA747CA28B4B16900C75D82 /* Debug */ = {
			isa = XCBuildConfiguration;
			buildSettings = {
				ALWAYS_SEARCH_USER_PATHS = NO;
				CLANG_ANALYZER_NONNULL = YES;
				CLANG_ANALYZER_NUMBER_OBJECT_CONVERSION = YES_AGGRESSIVE;
				CLANG_CXX_LANGUAGE_STANDARD = "gnu++17";
				CLANG_ENABLE_MODULES = YES;
				CLANG_ENABLE_OBJC_ARC = YES;
				CLANG_ENABLE_OBJC_WEAK = YES;
				CLANG_WARN_BLOCK_CAPTURE_AUTORELEASING = YES;
				CLANG_WARN_BOOL_CONVERSION = YES;
				CLANG_WARN_COMMA = YES;
				CLANG_WARN_CONSTANT_CONVERSION = YES;
				CLANG_WARN_DEPRECATED_OBJC_IMPLEMENTATIONS = YES;
				CLANG_WARN_DIRECT_OBJC_ISA_USAGE = YES_ERROR;
				CLANG_WARN_DOCUMENTATION_COMMENTS = YES;
				CLANG_WARN_EMPTY_BODY = YES;
				CLANG_WARN_ENUM_CONVERSION = YES;
				CLANG_WARN_INFINITE_RECURSION = YES;
				CLANG_WARN_INT_CONVERSION = YES;
				CLANG_WARN_NON_LITERAL_NULL_CONVERSION = YES;
				CLANG_WARN_OBJC_IMPLICIT_RETAIN_SELF = YES;
				CLANG_WARN_OBJC_LITERAL_CONVERSION = YES;
				CLANG_WARN_OBJC_ROOT_CLASS = YES_ERROR;
				CLANG_WARN_QUOTED_INCLUDE_IN_FRAMEWORK_HEADER = YES;
				CLANG_WARN_RANGE_LOOP_ANALYSIS = YES;
				CLANG_WARN_STRICT_PROTOTYPES = YES;
				CLANG_WARN_SUSPICIOUS_MOVE = YES;
				CLANG_WARN_UNGUARDED_AVAILABILITY = YES_AGGRESSIVE;
				CLANG_WARN_UNREACHABLE_CODE = YES;
				CLANG_WARN__DUPLICATE_METHOD_MATCH = YES;
				COPY_PHASE_STRIP = NO;
				DEBUG_INFORMATION_FORMAT = dwarf;
				ENABLE_STRICT_OBJC_MSGSEND = YES;
				ENABLE_TESTABILITY = YES;
				GCC_C_LANGUAGE_STANDARD = gnu11;
				GCC_DYNAMIC_NO_PIC = NO;
				GCC_NO_COMMON_BLOCKS = YES;
				GCC_OPTIMIZATION_LEVEL = 0;
				GCC_PREPROCESSOR_DEFINITIONS = (
					"DEBUG=1",
					"$(inherited)",
				);
				GCC_WARN_64_TO_32_BIT_CONVERSION = YES;
				GCC_WARN_ABOUT_RETURN_TYPE = YES_ERROR;
				GCC_WARN_UNDECLARED_SELECTOR = YES;
				GCC_WARN_UNINITIALIZED_AUTOS = YES_AGGRESSIVE;
				GCC_WARN_UNUSED_FUNCTION = YES;
				GCC_WARN_UNUSED_VARIABLE = YES;
				IPHONEOS_DEPLOYMENT_TARGET = 15.5;
				MTL_ENABLE_DEBUG_INFO = INCLUDE_SOURCE;
				MTL_FAST_MATH = YES;
				ONLY_ACTIVE_ARCH = YES;
				SDKROOT = iphoneos;
				SWIFT_ACTIVE_COMPILATION_CONDITIONS = DEBUG;
				SWIFT_OPTIMIZATION_LEVEL = "-Onone";
			};
			name = Debug;
		};
		7EA747CB28B4B16900C75D82 /* Release */ = {
			isa = XCBuildConfiguration;
			buildSettings = {
				ALWAYS_SEARCH_USER_PATHS = NO;
				CLANG_ANALYZER_NONNULL = YES;
				CLANG_ANALYZER_NUMBER_OBJECT_CONVERSION = YES_AGGRESSIVE;
				CLANG_CXX_LANGUAGE_STANDARD = "gnu++17";
				CLANG_ENABLE_MODULES = YES;
				CLANG_ENABLE_OBJC_ARC = YES;
				CLANG_ENABLE_OBJC_WEAK = YES;
				CLANG_WARN_BLOCK_CAPTURE_AUTORELEASING = YES;
				CLANG_WARN_BOOL_CONVERSION = YES;
				CLANG_WARN_COMMA = YES;
				CLANG_WARN_CONSTANT_CONVERSION = YES;
				CLANG_WARN_DEPRECATED_OBJC_IMPLEMENTATIONS = YES;
				CLANG_WARN_DIRECT_OBJC_ISA_USAGE = YES_ERROR;
				CLANG_WARN_DOCUMENTATION_COMMENTS = YES;
				CLANG_WARN_EMPTY_BODY = YES;
				CLANG_WARN_ENUM_CONVERSION = YES;
				CLANG_WARN_INFINITE_RECURSION = YES;
				CLANG_WARN_INT_CONVERSION = YES;
				CLANG_WARN_NON_LITERAL_NULL_CONVERSION = YES;
				CLANG_WARN_OBJC_IMPLICIT_RETAIN_SELF = YES;
				CLANG_WARN_OBJC_LITERAL_CONVERSION = YES;
				CLANG_WARN_OBJC_ROOT_CLASS = YES_ERROR;
				CLANG_WARN_QUOTED_INCLUDE_IN_FRAMEWORK_HEADER = YES;
				CLANG_WARN_RANGE_LOOP_ANALYSIS = YES;
				CLANG_WARN_STRICT_PROTOTYPES = YES;
				CLANG_WARN_SUSPICIOUS_MOVE = YES;
				CLANG_WARN_UNGUARDED_AVAILABILITY = YES_AGGRESSIVE;
				CLANG_WARN_UNREACHABLE_CODE = YES;
				CLANG_WARN__DUPLICATE_METHOD_MATCH = YES;
				COPY_PHASE_STRIP = NO;
				DEBUG_INFORMATION_FORMAT = "dwarf-with-dsym";
				ENABLE_NS_ASSERTIONS = NO;
				ENABLE_STRICT_OBJC_MSGSEND = YES;
				GCC_C_LANGUAGE_STANDARD = gnu11;
				GCC_NO_COMMON_BLOCKS = YES;
				GCC_WARN_64_TO_32_BIT_CONVERSION = YES;
				GCC_WARN_ABOUT_RETURN_TYPE = YES_ERROR;
				GCC_WARN_UNDECLARED_SELECTOR = YES;
				GCC_WARN_UNINITIALIZED_AUTOS = YES_AGGRESSIVE;
				GCC_WARN_UNUSED_FUNCTION = YES;
				GCC_WARN_UNUSED_VARIABLE = YES;
				IPHONEOS_DEPLOYMENT_TARGET = 15.5;
				MTL_ENABLE_DEBUG_INFO = NO;
				MTL_FAST_MATH = YES;
				SDKROOT = iphoneos;
				SWIFT_COMPILATION_MODE = wholemodule;
				SWIFT_OPTIMIZATION_LEVEL = "-O";
				VALIDATE_PRODUCT = YES;
			};
			name = Release;
		};
		7EA747CD28B4B16900C75D82 /* Debug */ = {
			isa = XCBuildConfiguration;
			buildSettings = {
				ASSETCATALOG_COMPILER_APPICON_NAME = AppIcon;
				ASSETCATALOG_COMPILER_GLOBAL_ACCENT_COLOR_NAME = AccentColor;
				CODE_SIGN_STYLE = Automatic;
				CURRENT_PROJECT_VERSION = 1;
				DEVELOPMENT_ASSET_PATHS = "\"CloudAppreciation/Preview Content\"";
				DEVELOPMENT_TEAM = T792YRJ293;
				ENABLE_PREVIEWS = YES;
				GENERATE_INFOPLIST_FILE = YES;
				INFOPLIST_KEY_NSCameraUsageDescription = "Using camera to take a picture";
				INFOPLIST_KEY_NSPhotoLibraryUsageDescription = "Album permissions to save videos";
				INFOPLIST_KEY_UIApplicationSceneManifest_Generation = YES;
				INFOPLIST_KEY_UIApplicationSupportsIndirectInputEvents = YES;
				INFOPLIST_KEY_UILaunchScreen_Generation = YES;
				INFOPLIST_KEY_UISupportedInterfaceOrientations_iPad = "UIInterfaceOrientationPortrait UIInterfaceOrientationPortraitUpsideDown UIInterfaceOrientationLandscapeLeft UIInterfaceOrientationLandscapeRight";
				INFOPLIST_KEY_UISupportedInterfaceOrientations_iPhone = "UIInterfaceOrientationPortrait UIInterfaceOrientationLandscapeLeft UIInterfaceOrientationLandscapeRight";
				LD_RUNPATH_SEARCH_PATHS = (
					"$(inherited)",
					"@executable_path/Frameworks",
				);
				MARKETING_VERSION = 1.0;
				PRODUCT_BUNDLE_IDENTIFIER = com.hongja.CloudAppreciation;
				PRODUCT_NAME = "$(TARGET_NAME)";
				SWIFT_EMIT_LOC_STRINGS = YES;
				SWIFT_VERSION = 5.0;
				TARGETED_DEVICE_FAMILY = "1,2";
			};
			name = Debug;
		};
		7EA747CE28B4B16900C75D82 /* Release */ = {
			isa = XCBuildConfiguration;
			buildSettings = {
				ASSETCATALOG_COMPILER_APPICON_NAME = AppIcon;
				ASSETCATALOG_COMPILER_GLOBAL_ACCENT_COLOR_NAME = AccentColor;
				CODE_SIGN_STYLE = Automatic;
				CURRENT_PROJECT_VERSION = 1;
				DEVELOPMENT_ASSET_PATHS = "\"CloudAppreciation/Preview Content\"";
				DEVELOPMENT_TEAM = T792YRJ293;
				ENABLE_PREVIEWS = YES;
				GENERATE_INFOPLIST_FILE = YES;
				INFOPLIST_KEY_NSCameraUsageDescription = "Using camera to take a picture";
				INFOPLIST_KEY_NSPhotoLibraryUsageDescription = "Album permissions to save videos";
				INFOPLIST_KEY_UIApplicationSceneManifest_Generation = YES;
				INFOPLIST_KEY_UIApplicationSupportsIndirectInputEvents = YES;
				INFOPLIST_KEY_UILaunchScreen_Generation = YES;
				INFOPLIST_KEY_UISupportedInterfaceOrientations_iPad = "UIInterfaceOrientationPortrait UIInterfaceOrientationPortraitUpsideDown UIInterfaceOrientationLandscapeLeft UIInterfaceOrientationLandscapeRight";
				INFOPLIST_KEY_UISupportedInterfaceOrientations_iPhone = "UIInterfaceOrientationPortrait UIInterfaceOrientationLandscapeLeft UIInterfaceOrientationLandscapeRight";
				LD_RUNPATH_SEARCH_PATHS = (
					"$(inherited)",
					"@executable_path/Frameworks",
				);
				MARKETING_VERSION = 1.0;
				PRODUCT_BUNDLE_IDENTIFIER = com.hongja.CloudAppreciation;
				PRODUCT_NAME = "$(TARGET_NAME)";
				SWIFT_EMIT_LOC_STRINGS = YES;
				SWIFT_VERSION = 5.0;
				TARGETED_DEVICE_FAMILY = "1,2";
			};
			name = Release;
		};
		7EA747D028B4B16900C75D82 /* Debug */ = {
			isa = XCBuildConfiguration;
			buildSettings = {
				ALWAYS_EMBED_SWIFT_STANDARD_LIBRARIES = YES;
				BUNDLE_LOADER = "$(TEST_HOST)";
				CODE_SIGN_STYLE = Automatic;
				CURRENT_PROJECT_VERSION = 1;
				GENERATE_INFOPLIST_FILE = YES;
				IPHONEOS_DEPLOYMENT_TARGET = 15.5;
				MARKETING_VERSION = 1.0;
				PRODUCT_BUNDLE_IDENTIFIER = com.hongja.CloudAppreciationTests;
				PRODUCT_NAME = "$(TARGET_NAME)";
				SWIFT_EMIT_LOC_STRINGS = NO;
				SWIFT_VERSION = 5.0;
				TARGETED_DEVICE_FAMILY = "1,2";
				TEST_HOST = "$(BUILT_PRODUCTS_DIR)/CloudAppreciation.app/CloudAppreciation";
			};
			name = Debug;
		};
		7EA747D128B4B16900C75D82 /* Release */ = {
			isa = XCBuildConfiguration;
			buildSettings = {
				ALWAYS_EMBED_SWIFT_STANDARD_LIBRARIES = YES;
				BUNDLE_LOADER = "$(TEST_HOST)";
				CODE_SIGN_STYLE = Automatic;
				CURRENT_PROJECT_VERSION = 1;
				GENERATE_INFOPLIST_FILE = YES;
				IPHONEOS_DEPLOYMENT_TARGET = 15.5;
				MARKETING_VERSION = 1.0;
				PRODUCT_BUNDLE_IDENTIFIER = com.hongja.CloudAppreciationTests;
				PRODUCT_NAME = "$(TARGET_NAME)";
				SWIFT_EMIT_LOC_STRINGS = NO;
				SWIFT_VERSION = 5.0;
				TARGETED_DEVICE_FAMILY = "1,2";
				TEST_HOST = "$(BUILT_PRODUCTS_DIR)/CloudAppreciation.app/CloudAppreciation";
			};
			name = Release;
		};
		7EA747D328B4B16900C75D82 /* Debug */ = {
			isa = XCBuildConfiguration;
			buildSettings = {
				ALWAYS_EMBED_SWIFT_STANDARD_LIBRARIES = YES;
				CODE_SIGN_STYLE = Automatic;
				CURRENT_PROJECT_VERSION = 1;
				GENERATE_INFOPLIST_FILE = YES;
				MARKETING_VERSION = 1.0;
				PRODUCT_BUNDLE_IDENTIFIER = com.hongja.CloudAppreciationUITests;
				PRODUCT_NAME = "$(TARGET_NAME)";
				SWIFT_EMIT_LOC_STRINGS = NO;
				SWIFT_VERSION = 5.0;
				TARGETED_DEVICE_FAMILY = "1,2";
				TEST_TARGET_NAME = CloudAppreciation;
			};
			name = Debug;
		};
		7EA747D428B4B16900C75D82 /* Release */ = {
			isa = XCBuildConfiguration;
			buildSettings = {
				ALWAYS_EMBED_SWIFT_STANDARD_LIBRARIES = YES;
				CODE_SIGN_STYLE = Automatic;
				CURRENT_PROJECT_VERSION = 1;
				GENERATE_INFOPLIST_FILE = YES;
				MARKETING_VERSION = 1.0;
				PRODUCT_BUNDLE_IDENTIFIER = com.hongja.CloudAppreciationUITests;
				PRODUCT_NAME = "$(TARGET_NAME)";
				SWIFT_EMIT_LOC_STRINGS = NO;
				SWIFT_VERSION = 5.0;
				TARGETED_DEVICE_FAMILY = "1,2";
				TEST_TARGET_NAME = CloudAppreciation;
			};
			name = Release;
		};
/* End XCBuildConfiguration section */

/* Begin XCConfigurationList section */
		7EA747A328B4B16600C75D82 /* Build configuration list for PBXProject "CloudAppreciation" */ = {
			isa = XCConfigurationList;
			buildConfigurations = (
				7EA747CA28B4B16900C75D82 /* Debug */,
				7EA747CB28B4B16900C75D82 /* Release */,
			);
			defaultConfigurationIsVisible = 0;
			defaultConfigurationName = Release;
		};
		7EA747CC28B4B16900C75D82 /* Build configuration list for PBXNativeTarget "CloudAppreciation" */ = {
			isa = XCConfigurationList;
			buildConfigurations = (
				7EA747CD28B4B16900C75D82 /* Debug */,
				7EA747CE28B4B16900C75D82 /* Release */,
			);
			defaultConfigurationIsVisible = 0;
			defaultConfigurationName = Release;
		};
		7EA747CF28B4B16900C75D82 /* Build configuration list for PBXNativeTarget "CloudAppreciationTests" */ = {
			isa = XCConfigurationList;
			buildConfigurations = (
				7EA747D028B4B16900C75D82 /* Debug */,
				7EA747D128B4B16900C75D82 /* Release */,
			);
			defaultConfigurationIsVisible = 0;
			defaultConfigurationName = Release;
		};
		7EA747D228B4B16900C75D82 /* Build configuration list for PBXNativeTarget "CloudAppreciationUITests" */ = {
			isa = XCConfigurationList;
			buildConfigurations = (
				7EA747D328B4B16900C75D82 /* Debug */,
				7EA747D428B4B16900C75D82 /* Release */,
			);
			defaultConfigurationIsVisible = 0;
			defaultConfigurationName = Release;
		};
/* End XCConfigurationList section */
	};
	rootObject = 7EA747A028B4B16600C75D82 /* Project object */;
}
